
Microsoft Visual Studio Solution File, Format Version 12.00
# Visual Studio Version 17
VisualStudioVersion = 17.3.32901.215
MinimumVisualStudioVersion = 10.0.40219.1
Project("{FAE04EC0-301F-11D3-BF4B-00C04F79EFBC}") = "EditorPanelExample", "EditorPanelExample\EditorPanelExample.csproj", "{58637846-04B8-415F-897E-DD944879DE4A}"
EndProject
Global
	GlobalSection(SolutionConfigurationPlatforms) = preSolution
		Debug|Any CPU = Debug|Any CPU
		Release|Any CPU = Release|Any CPU
	EndGlobalSection
	GlobalSection(ProjectConfigurationPlatforms) = postSolution
		{58637846-04B8-415F-897E-DD944879DE4A}.Debug|Any CPU.ActiveCfg = Debug|Any CPU
		{58637846-04B8-415F-897E-DD944879DE4A}.Debug|Any CPU.Build.0 = Debug|Any CPU
		{58637846-04B8-415F-897E-DD944879DE4A}.Release|Any CPU.ActiveCfg = Release|Any CPU
		{58637846-04B8-415F-897E-DD944879DE4A}.Release|Any CPU.Build.0 = Release|Any CPU
	EndGlobalSection
	GlobalSection(SolutionProperties) = preSolution
		HideSolutionNode = FALSE
	EndGlobalSection
	GlobalSection(ExtensibilityGlobals) = postSolution
		SolutionGuid = {3AF1E905-ED6D-4744-A3FC-61A11DF65009}
	EndGlobalSection
EndGlobal
